
Microsoft Visual Studio Solution File, Format Version 12.00
# Visual Studio Version 16
VisualStudioVersion = 16.0.30204.135
MinimumVisualStudioVersion = 10.0.40219.1
Project("{FAE04EC0-301F-11D3-BF4B-00C04F79EFBC}") = "Basic Practice", "Basic Practice.csproj", "{F611F66C-687C-40C0-83F7-AB29F37D3EBD}"
EndProject
Global
	GlobalSection(SolutionConfigurationPlatforms) = preSolution
		Debug|Any CPU = Debug|Any CPU
		Release|Any CPU = Release|Any CPU
	EndGlobalSection
	GlobalSection(ProjectConfigurationPlatforms) = postSolution
		{F611F66C-687C-40C0-83F7-AB29F37D3EBD}.Debug|Any CPU.ActiveCfg = Debug|Any CPU
		{F611F66C-687C-40C0-83F7-AB29F37D3EBD}.Debug|Any CPU.Build.0 = Debug|Any CPU
		{F611F66C-687C-40C0-83F7-AB29F37D3EBD}.Release|Any CPU.ActiveCfg = Release|Any CPU
		{F611F66C-687C-40C0-83F7-AB29F37D3EBD}.Release|Any CPU.Build.0 = Release|Any CPU
	EndGlobalSection
	GlobalSection(SolutionProperties) = preSolution
		HideSolutionNode = FALSE
	EndGlobalSection
	GlobalSection(ExtensibilityGlobals) = postSolution
		SolutionGuid = {BD5E3D75-EE59-4D74-8ED7-F87FE7848C0E}
	EndGlobalSection
EndGlobal
